// !$*UTF8*$!
{
	archiveVersion = 1;
	classes = {
	};
	objectVersion = 46;
	objects = {

/* Begin PBXBuildFile section */
		D9761FCF1ACE7FC600FFBECA /* main.m in Sources */ = {isa = PBXBuildFile; fileRef = D9761FCE1ACE7FC600FFBECA /* main.m */; };
		D9761FD21ACE7FC600FFBECA /* AppDelegate.m in Sources */ = {isa = PBXBuildFile; fileRef = D9761FD11ACE7FC600FFBECA /* AppDelegate.m */; };
		D9761FD51ACE7FC600FFBECA /* ViewController.m in Sources */ = {isa = PBXBuildFile; fileRef = D9761FD41ACE7FC600FFBECA /* ViewController.m */; };
		D9761FD81ACE7FC600FFBECA /* Main.storyboard in Resources */ = {isa = PBXBuildFile; fileRef = D9761FD61ACE7FC600FFBECA /* Main.storyboard */; };
		D9761FDA1ACE7FC600FFBECA /* Images.xcassets in Resources */ = {isa = PBXBuildFile; fileRef = D9761FD91ACE7FC600FFBECA /* Images.xcassets */; };
		D9761FDD1ACE7FC600FFBECA /* LaunchScreen.xib in Resources */ = {isa = PBXBuildFile; fileRef = D9761FDB1ACE7FC600FFBECA /* LaunchScreen.xib */; };
		D9761FE91ACE7FC600FFBECA /* HypnosisterTests.m in Sources */ = {isa = PBXBuildFile; fileRef = D9761FE81ACE7FC600FFBECA /* HypnosisterTests.m */; };
		D9761FF71ACE897D00FFBECA /* Hypnosis.m in Sources */ = {isa = PBXBuildFile; fileRef = D9761FF61ACE897D00FFBECA /* Hypnosis.m */; };
		D9761FF91ACE976800FFBECA /* logo.png in Resources */ = {isa = PBXBuildFile; fileRef = D9761FF81ACE976800FFBECA /* logo.png */; };
		D9761FFB1ACEC5D900FFBECA /* VmbQIxTG_400x400-2.png in Resources */ = {isa = PBXBuildFile; fileRef = D9761FFA1ACEC5D900FFBECA /* VmbQIxTG_400x400-2.png */; };
		D9761FFD1ACEC79F00FFBECA /* gatling_logo.png in Resources */ = {isa = PBXBuildFile; fileRef = D9761FFC1ACEC79F00FFBECA /* gatling_logo.png */; };
/* End PBXBuildFile section */

/* Begin PBXContainerItemProxy section */
		D9761FE31ACE7FC600FFBECA /* PBXContainerItemProxy */ = {
			isa = PBXContainerItemProxy;
			containerPortal = D9761FC11ACE7FC500FFBECA /* Project object */;
			proxyType = 1;
			remoteGlobalIDString = D9761FC81ACE7FC500FFBECA;
			remoteInfo = Hypnosister;
		};
/* End PBXContainerItemProxy section */

/* Begin PBXFileReference section */
		D9761FC91ACE7FC500FFBECA /* Hypnosister.app */ = {isa = PBXFileReference; explicitFileType = wrapper.application; includeInIndex = 0; path = Hypnosister.app; sourceTree = BUILT_PRODUCTS_DIR; };
		D9761FCD1ACE7FC600FFBECA /* Info.plist */ = {isa = PBXFileReference; lastKnownFileType = text.plist.xml; path = Info.plist; sourceTree = "<group>"; };
		D9761FCE1ACE7FC600FFBECA /* main.m */ = {isa = PBXFileReference; lastKnownFileType = sourcecode.c.objc; path = main.m; sourceTree = "<group>"; };
		D9761FD01ACE7FC600FFBECA /* AppDelegate.h */ = {isa = PBXFileReference; lastKnownFileType = sourcecode.c.h; path = AppDelegate.h; sourceTree = "<group>"; };
		D9761FD11ACE7FC600FFBECA /* AppDelegate.m */ = {isa = PBXFileReference; lastKnownFileType = sourcecode.c.objc; path = AppDelegate.m; sourceTree = "<group>"; };
		D9761FD31ACE7FC600FFBECA /* ViewController.h */ = {isa = PBXFileReference; lastKnownFileType = sourcecode.c.h; path = ViewController.h; sourceTree = "<group>"; };
		D9761FD41ACE7FC600FFBECA /* ViewController.m */ = {isa = PBXFileReference; lastKnownFileType = sourcecode.c.objc; path = ViewController.m; sourceTree = "<group>"; };
		D9761FD71ACE7FC600FFBECA /* Base */ = {isa = PBXFileReference; lastKnownFileType = file.storyboard; name = Base; path = Base.lproj/Main.storyboard; sourceTree = "<group>"; };
		D9761FD91ACE7FC600FFBECA /* Images.xcassets */ = {isa = PBXFileReference; lastKnownFileType = folder.assetcatalog; path = Images.xcassets; sourceTree = "<group>"; };
		D9761FDC1ACE7FC600FFBECA /* Base */ = {isa = PBXFileReference; lastKnownFileType = file.xib; name = Base; path = Base.lproj/LaunchScreen.xib; sourceTree = "<group>"; };
		D9761FE21ACE7FC600FFBECA /* HypnosisterTests.xctest */ = {isa = PBXFileReference; explicitFileType = wrapper.cfbundle; includeInIndex = 0; path = HypnosisterTests.xctest; sourceTree = BUILT_PRODUCTS_DIR; };
		D9761FE71ACE7FC600FFBECA /* Info.plist */ = {isa = PBXFileReference; lastKnownFileType = text.plist.xml; path = Info.plist; sourceTree = "<group>"; };
		D9761FE81ACE7FC600FFBECA /* HypnosisterTests.m */ = {isa = PBXFileReference; lastKnownFileType = sourcecode.c.objc; path = HypnosisterTests.m; sourceTree = "<group>"; };
		D9761FF51ACE897D00FFBECA /* Hypnosis.h */ = {isa = PBXFileReference; fileEncoding = 4; lastKnownFileType = sourcecode.c.h; path = Hypnosis.h; sourceTree = "<group>"; };
		D9761FF61ACE897D00FFBECA /* Hypnosis.m */ = {isa = PBXFileReference; fileEncoding = 4; lastKnownFileType = sourcecode.c.objc; path = Hypnosis.m; sourceTree = "<group>"; };
		D9761FF81ACE976800FFBECA /* logo.png */ = {isa = PBXFileReference; lastKnownFileType = image.png; name = logo.png; path = "../../../../Downloads/Solutions/00-Resources/logo.png"; sourceTree = "<group>"; };
		D9761FFA1ACEC5D900FFBECA /* VmbQIxTG_400x400-2.png */ = {isa = PBXFileReference; lastKnownFileType = image.png; name = "VmbQIxTG_400x400-2.png"; path = "../../../../Downloads/VmbQIxTG_400x400-2.png"; sourceTree = "<group>"; };
		D9761FFC1ACEC79F00FFBECA /* gatling_logo.png */ = {isa = PBXFileReference; lastKnownFileType = image.png; name = gatling_logo.png; path = ../../../../Downloads/gatling_logo.png; sourceTree = "<group>"; };
/* End PBXFileReference section */

/* Begin PBXFrameworksBuildPhase section */
		D9761FC61ACE7FC500FFBECA /* Frameworks */ = {
			isa = PBXFrameworksBuildPhase;
			buildActionMask = 2147483647;
			files = (
			);
			runOnlyForDeploymentPostprocessing = 0;
		};
		D9761FDF1ACE7FC600FFBECA /* Frameworks */ = {
			isa = PBXFrameworksBuildPhase;
			buildActionMask = 2147483647;
			files = (
			);
			runOnlyForDeploymentPostprocessing = 0;
		};
/* End PBXFrameworksBuildPhase section */

/* Begin PBXGroup section */
		D9761FC01ACE7FC500FFBECA = {
			isa = PBXGroup;
			children = (
				D9761FCB1ACE7FC500FFBECA /* Hypnosister */,
				D9761FE51ACE7FC600FFBECA /* HypnosisterTests */,
				D9761FCA1ACE7FC500FFBECA /* Products */,
			);
			sourceTree = "<group>";
		};
		D9761FCA1ACE7FC500FFBECA /* Products */ = {
			isa = PBXGroup;
			children = (
				D9761FC91ACE7FC500FFBECA /* Hypnosister.app */,
				D9761FE21ACE7FC600FFBECA /* HypnosisterTests.xctest */,
			);
			name = Products;
			sourceTree = "<group>";
		};
		D9761FCB1ACE7FC500FFBECA /* Hypnosister */ = {
			isa = PBXGroup;
			children = (
				D9761FD01ACE7FC600FFBECA /* AppDelegate.h */,
				D9761FD11ACE7FC600FFBECA /* AppDelegate.m */,
				D9761FD31ACE7FC600FFBECA /* ViewController.h */,
				D9761FD41ACE7FC600FFBECA /* ViewController.m */,
				D9761FD61ACE7FC600FFBECA /* Main.storyboard */,
				D9761FF51ACE897D00FFBECA /* Hypnosis.h */,
				D9761FF61ACE897D00FFBECA /* Hypnosis.m */,
				D9761FD91ACE7FC600FFBECA /* Images.xcassets */,
				D9761FDB1ACE7FC600FFBECA /* LaunchScreen.xib */,
				D9761FCC1ACE7FC500FFBECA /* Supporting Files */,
			);
			path = Hypnosister;
			sourceTree = "<group>";
		};
		D9761FCC1ACE7FC500FFBECA /* Supporting Files */ = {
			isa = PBXGroup;
			children = (
				D9761FF81ACE976800FFBECA /* logo.png */,
				D9761FFC1ACEC79F00FFBECA /* gatling_logo.png */,
				D9761FFA1ACEC5D900FFBECA /* VmbQIxTG_400x400-2.png */,
				D9761FCD1ACE7FC600FFBECA /* Info.plist */,
				D9761FCE1ACE7FC600FFBECA /* main.m */,
			);
			name = "Supporting Files";
			sourceTree = "<group>";
		};
		D9761FE51ACE7FC600FFBECA /* HypnosisterTests */ = {
			isa = PBXGroup;
			children = (
				D9761FE81ACE7FC600FFBECA /* HypnosisterTests.m */,
				D9761FE61ACE7FC600FFBECA /* Supporting Files */,
			);
			path = HypnosisterTests;
			sourceTree = "<group>";
		};
		D9761FE61ACE7FC600FFBECA /* Supporting Files */ = {
			isa = PBXGroup;
			children = (
				D9761FE71ACE7FC600FFBECA /* Info.plist */,
			);
			name = "Supporting Files";
			sourceTree = "<group>";
		};
/* End PBXGroup section */

/* Begin PBXNativeTarget section */
		D9761FC81ACE7FC500FFBECA /* Hypnosister */ = {
			isa = PBXNativeTarget;
			buildConfigurationList = D9761FEC1ACE7FC600FFBECA /* Build configuration list for PBXNativeTarget "Hypnosister" */;
			buildPhases = (
				D9761FC51ACE7FC500FFBECA /* Sources */,
				D9761FC61ACE7FC500FFBECA /* Frameworks */,
				D9761FC71ACE7FC500FFBECA /* Resources */,
			);
			buildRules = (
			);
			dependencies = (
			);
			name = Hypnosister;
			productName = Hypnosister;
			productReference = D9761FC91ACE7FC500FFBECA /* Hypnosister.app */;
			productType = "com.apple.product-type.application";
		};
		D9761FE11ACE7FC600FFBECA /* HypnosisterTests */ = {
			isa = PBXNativeTarget;
			buildConfigurationList = D9761FEF1ACE7FC600FFBECA /* Build configuration list for PBXNativeTarget "HypnosisterTests" */;
			buildPhases = (
				D9761FDE1ACE7FC600FFBECA /* Sources */,
				D9761FDF1ACE7FC600FFBECA /* Frameworks */,
				D9761FE01ACE7FC600FFBECA /* Resources */,
			);
			buildRules = (
			);
			dependencies = (
				D9761FE41ACE7FC600FFBECA /* PBXTargetDependency */,
			);
			name = HypnosisterTests;
			productName = HypnosisterTests;
			productReference = D9761FE21ACE7FC600FFBECA /* HypnosisterTests.xctest */;
			productType = "com.apple.product-type.bundle.unit-test";
		};
/* End PBXNativeTarget section */

/* Begin PBXProject section */
		D9761FC11ACE7FC500FFBECA /* Project object */ = {
			isa = PBXProject;
			attributes = {
				LastUpgradeCheck = 0620;
				ORGANIZATIONNAME = Excilys;
				TargetAttributes = {
					D9761FC81ACE7FC500FFBECA = {
						CreatedOnToolsVersion = 6.2;
					};
					D9761FE11ACE7FC600FFBECA = {
						CreatedOnToolsVersion = 6.2;
						TestTargetID = D9761FC81ACE7FC500FFBECA;
					};
				};
			};
			buildConfigurationList = D9761FC41ACE7FC500FFBECA /* Build configuration list for PBXProject "Hypnosister" */;
			compatibilityVersion = "Xcode 3.2";
			developmentRegion = English;
			hasScannedForEncodings = 0;
			knownRegions = (
				en,
				Base,
			);
			mainGroup = D9761FC01ACE7FC500FFBECA;
			productRefGroup = D9761FCA1ACE7FC500FFBECA /* Products */;
			projectDirPath = "";
			projectRoot = "";
			targets = (
				D9761FC81ACE7FC500FFBECA /* Hypnosister */,
				D9761FE11ACE7FC600FFBECA /* HypnosisterTests */,
			);
		};
/* End PBXProject section */

/* Begin PBXResourcesBuildPhase section */
		D9761FC71ACE7FC500FFBECA /* Resources */ = {
			isa = PBXResourcesBuildPhase;
			buildActionMask = 2147483647;
			files = (
				D9761FF91ACE976800FFBECA /* logo.png in Resources */,
				D9761FD81ACE7FC600FFBECA /* Main.storyboard in Resources */,
				D9761FDD1ACE7FC600FFBECA /* LaunchScreen.xib in Resources */,
				D9761FDA1ACE7FC600FFBECA /* Images.xcassets in Resources */,
				D9761FFB1ACEC5D900FFBECA /* VmbQIxTG_400x400-2.png in Resources */,
				D9761FFD1ACEC79F00FFBECA /* gatling_logo.png in Resources */,
			);
			runOnlyForDeploymentPostprocessing = 0;
		};
		D9761FE01ACE7FC600FFBECA /* Resources */ = {
			isa = PBXResourcesBuildPhase;
			buildActionMask = 2147483647;
			files = (
			);
			runOnlyForDeploymentPostprocessing = 0;
		};
/* End PBXResourcesBuildPhase section */

/* Begin PBXSourcesBuildPhase section */
		D9761FC51ACE7FC500FFBECA /* Sources */ = {
			isa = PBXSourcesBuildPhase;
			buildActionMask = 2147483647;
			files = (
				D9761FD51ACE7FC600FFBECA /* ViewController.m in Sources */,
				D9761FD21ACE7FC600FFBECA /* AppDelegate.m in Sources */,
				D9761FF71ACE897D00FFBECA /* Hypnosis.m in Sources */,
				D9761FCF1ACE7FC600FFBECA /* main.m in Sources */,
			);
			runOnlyForDeploymentPostprocessing = 0;
		};
		D9761FDE1ACE7FC600FFBECA /* Sources */ = {
			isa = PBXSourcesBuildPhase;
			buildActionMask = 2147483647;
			files = (
				D9761FE91ACE7FC600FFBECA /* HypnosisterTests.m in Sources */,
			);
			runOnlyForDeploymentPostprocessing = 0;
		};
/* End PBXSourcesBuildPhase section */

/* Begin PBXTargetDependency section */
		D9761FE41ACE7FC600FFBECA /* PBXTargetDependency */ = {
			isa = PBXTargetDependency;
			target = D9761FC81ACE7FC500FFBECA /* Hypnosister */;
			targetProxy = D9761FE31ACE7FC600FFBECA /* PBXContainerItemProxy */;
		};
/* End PBXTargetDependency section */

/* Begin PBXVariantGroup section */
		D9761FD61ACE7FC600FFBECA /* Main.storyboard */ = {
			isa = PBXVariantGroup;
			children = (
				D9761FD71ACE7FC600FFBECA /* Base */,
			);
			name = Main.storyboard;
			sourceTree = "<group>";
		};
		D9761FDB1ACE7FC600FFBECA /* LaunchScreen.xib */ = {
			isa = PBXVariantGroup;
			children = (
				D9761FDC1ACE7FC600FFBECA /* Base */,
			);
			name = LaunchScreen.xib;
			sourceTree = "<group>";
		};
/* End PBXVariantGroup section */

/* Begin XCBuildConfiguration section */
		D9761FEA1ACE7FC600FFBECA /* Debug */ = {
			isa = XCBuildConfiguration;
			buildSettings = {
				ALWAYS_SEARCH_USER_PATHS = NO;
				CLANG_CXX_LANGUAGE_STANDARD = "gnu++0x";
				CLANG_CXX_LIBRARY = "libc++";
				CLANG_ENABLE_MODULES = YES;
				CLANG_ENABLE_OBJC_ARC = YES;
				CLANG_WARN_BOOL_CONVERSION = YES;
				CLANG_WARN_CONSTANT_CONVERSION = YES;
				CLANG_WARN_DIRECT_OBJC_ISA_USAGE = YES_ERROR;
				CLANG_WARN_EMPTY_BODY = YES;
				CLANG_WARN_ENUM_CONVERSION = YES;
				CLANG_WARN_INT_CONVERSION = YES;
				CLANG_WARN_OBJC_ROOT_CLASS = YES_ERROR;
				CLANG_WARN_UNREACHABLE_CODE = YES;
				CLANG_WARN__DUPLICATE_METHOD_MATCH = YES;
				"CODE_SIGN_IDENTITY[sdk=iphoneos*]" = "iPhone Developer";
				COPY_PHASE_STRIP = NO;
				ENABLE_STRICT_OBJC_MSGSEND = YES;
				GCC_C_LANGUAGE_STANDARD = gnu99;
				GCC_DYNAMIC_NO_PIC = NO;
				GCC_OPTIMIZATION_LEVEL = 0;
				GCC_PREPROCESSOR_DEFINITIONS = (
					"DEBUG=1",
					"$(inherited)",
				);
				GCC_SYMBOLS_PRIVATE_EXTERN = NO;
				GCC_WARN_64_TO_32_BIT_CONVERSION = YES;
				GCC_WARN_ABOUT_RETURN_TYPE = YES_ERROR;
				GCC_WARN_UNDECLARED_SELECTOR = YES;
				GCC_WARN_UNINITIALIZED_AUTOS = YES_AGGRESSIVE;
				GCC_WARN_UNUSED_FUNCTION = YES;
				GCC_WARN_UNUSED_VARIABLE = YES;
				IPHONEOS_DEPLOYMENT_TARGET = 8.2;
				MTL_ENABLE_DEBUG_INFO = YES;
				ONLY_ACTIVE_ARCH = YES;
				SDKROOT = iphoneos;
			};
			name = Debug;
		};
		D9761FEB1ACE7FC600FFBECA /* Release */ = {
			isa = XCBuildConfiguration;
			buildSettings = {
				ALWAYS_SEARCH_USER_PATHS = NO;
				CLANG_CXX_LANGUAGE_STANDARD = "gnu++0x";
				CLANG_CXX_LIBRARY = "libc++";
				CLANG_ENABLE_MODULES = YES;
				CLANG_ENABLE_OBJC_ARC = YES;
				CLANG_WARN_BOOL_CONVERSION = YES;
				CLANG_WARN_CONSTANT_CONVERSION = YES;
				CLANG_WARN_DIRECT_OBJC_ISA_USAGE = YES_ERROR;
				CLANG_WARN_EMPTY_BODY = YES;
				CLANG_WARN_ENUM_CONVERSION = YES;
				CLANG_WARN_INT_CONVERSION = YES;
				CLANG_WARN_OBJC_ROOT_CLASS = YES_ERROR;
				CLANG_WARN_UNREACHABLE_CODE = YES;
				CLANG_WARN__DUPLICATE_METHOD_MATCH = YES;
				"CODE_SIGN_IDENTITY[sdk=iphoneos*]" = "iPhone Developer";
				COPY_PHASE_STRIP = NO;
				ENABLE_NS_ASSERTIONS = NO;
				ENABLE_STRICT_OBJC_MSGSEND = YES;
				GCC_C_LANGUAGE_STANDARD = gnu99;
				GCC_WARN_64_TO_32_BIT_CONVERSION = YES;
				GCC_WARN_ABOUT_RETURN_TYPE = YES_ERROR;
				GCC_WARN_UNDECLARED_SELECTOR = YES;
				GCC_WARN_UNINITIALIZED_AUTOS = YES_AGGRESSIVE;
				GCC_WARN_UNUSED_FUNCTION = YES;
				GCC_WARN_UNUSED_VARIABLE = YES;
				IPHONEOS_DEPLOYMENT_TARGET = 8.2;
				MTL_ENABLE_DEBUG_INFO = NO;
				SDKROOT = iphoneos;
				VALIDATE_PRODUCT = YES;
			};
			name = Release;
		};
		D9761FED1ACE7FC600FFBECA /* Debug */ = {
			isa = XCBuildConfiguration;
			buildSettings = {
				ASSETCATALOG_COMPILER_APPICON_NAME = AppIcon;
				INFOPLIST_FILE = Hypnosister/Info.plist;
				LD_RUNPATH_SEARCH_PATHS = "$(inherited) @executable_path/Frameworks";
				PRODUCT_NAME = "$(TARGET_NAME)";
			};
			name = Debug;
		};
		D9761FEE1ACE7FC600FFBECA /* Release */ = {
			isa = XCBuildConfiguration;
			buildSettings = {
				ASSETCATALOG_COMPILER_APPICON_NAME = AppIcon;
				INFOPLIST_FILE = Hypnosister/Info.plist;
				LD_RUNPATH_SEARCH_PATHS = "$(inherited) @executable_path/Frameworks";
				PRODUCT_NAME = "$(TARGET_NAME)";
			};
			name = Release;
		};
		D9761FF01ACE7FC600FFBECA /* Debug */ = {
			isa = XCBuildConfiguration;
			buildSettings = {
				BUNDLE_LOADER = "$(TEST_HOST)";
				FRAMEWORK_SEARCH_PATHS = (
					"$(SDKROOT)/Developer/Library/Frameworks",
					"$(inherited)",
				);
				GCC_PREPROCESSOR_DEFINITIONS = (
					"DEBUG=1",
					"$(inherited)",
				);
				INFOPLIST_FILE = HypnosisterTests/Info.plist;
				LD_RUNPATH_SEARCH_PATHS = "$(inherited) @executable_path/Frameworks @loader_path/Frameworks";
				PRODUCT_NAME = "$(TARGET_NAME)";
				TEST_HOST = "$(BUILT_PRODUCTS_DIR)/Hypnosister.app/Hypnosister";
			};
			name = Debug;
		};
		D9761FF11ACE7FC600FFBECA /* Release */ = {
			isa = XCBuildConfiguration;
			buildSettings = {
				BUNDLE_LOADER = "$(TEST_HOST)";
				FRAMEWORK_SEARCH_PATHS = (
					"$(SDKROOT)/Developer/Library/Frameworks",
					"$(inherited)",
				);
				INFOPLIST_FILE = HypnosisterTests/Info.plist;
				LD_RUNPATH_SEARCH_PATHS = "$(inherited) @executable_path/Frameworks @loader_path/Frameworks";
				PRODUCT_NAME = "$(TARGET_NAME)";
				TEST_HOST = "$(BUILT_PRODUCTS_DIR)/Hypnosister.app/Hypnosister";
			};
			name = Release;
		};
/* End XCBuildConfiguration section */

/* Begin XCConfigurationList section */
		D9761FC41ACE7FC500FFBECA /* Build configuration list for PBXProject "Hypnosister" */ = {
			isa = XCConfigurationList;
			buildConfigurations = (
				D9761FEA1ACE7FC600FFBECA /* Debug */,
				D9761FEB1ACE7FC600FFBECA /* Release */,
			);
			defaultConfigurationIsVisible = 0;
			defaultConfigurationName = Release;
		};
		D9761FEC1ACE7FC600FFBECA /* Build configuration list for PBXNativeTarget "Hypnosister" */ = {
			isa = XCConfigurationList;
			buildConfigurations = (
				D9761FED1ACE7FC600FFBECA /* Debug */,
				D9761FEE1ACE7FC600FFBECA /* Release */,
			);
			defaultConfigurationIsVisible = 0;
		};
		D9761FEF1ACE7FC600FFBECA /* Build configuration list for PBXNativeTarget "HypnosisterTests" */ = {
			isa = XCConfigurationList;
			buildConfigurations = (
				D9761FF01ACE7FC600FFBECA /* Debug */,
				D9761FF11ACE7FC600FFBECA /* Release */,
			);
			defaultConfigurationIsVisible = 0;
		};
/* End XCConfigurationList section */
	};
	rootObject = D9761FC11ACE7FC500FFBECA /* Project object */;
}
